// !$*UTF8*$!
{
	archiveVersion = 1;
	classes = {
	};
	objectVersion = 51;
	objects = {

/* Begin PBXBuildFile section */
		633CA0F624164CEF00AFA640 /* ImageView.swift in Sources */ = {isa = PBXBuildFile; fileRef = 633CA0F524164CEF00AFA640 /* ImageView.swift */; };
		633CA0F824166A7300AFA640 /* NetworkManager.swift in Sources */ = {isa = PBXBuildFile; fileRef = 633CA0F724166A7300AFA640 /* NetworkManager.swift */; };
		633CA0FA2416D5F000AFA640 /* DataManager.swift in Sources */ = {isa = PBXBuildFile; fileRef = 633CA0F92416D5F000AFA640 /* DataManager.swift */; };
		6349E0DC240F9B0200A272BD /* AppController.swift in Sources */ = {isa = PBXBuildFile; fileRef = 6349E0DB240F9B0200A272BD /* AppController.swift */; };
		636C6A46240ABCC600552DB8 /* AppDelegate.swift in Sources */ = {isa = PBXBuildFile; fileRef = 636C6A45240ABCC600552DB8 /* AppDelegate.swift */; };
		636C6A48240ABCC600552DB8 /* DetailViewController.swift in Sources */ = {isa = PBXBuildFile; fileRef = 636C6A47240ABCC600552DB8 /* DetailViewController.swift */; };
		636C6A4B240ABCC600552DB8 /* Main.storyboard in Resources */ = {isa = PBXBuildFile; fileRef = 636C6A49240ABCC600552DB8 /* Main.storyboard */; };
		636C6A4D240ABCCB00552DB8 /* Assets.xcassets in Resources */ = {isa = PBXBuildFile; fileRef = 636C6A4C240ABCCB00552DB8 /* Assets.xcassets */; };
		636C6A50240ABCCB00552DB8 /* LaunchScreen.storyboard in Resources */ = {isa = PBXBuildFile; fileRef = 636C6A4E240ABCCB00552DB8 /* LaunchScreen.storyboard */; };
		636C6A58240ABEBA00552DB8 /* Elephant.swift in Sources */ = {isa = PBXBuildFile; fileRef = 636C6A57240ABEBA00552DB8 /* Elephant.swift */; };
		636C6A5C240B992F00552DB8 /* ElephantsTableViewController.swift in Sources */ = {isa = PBXBuildFile; fileRef = 636C6A5B240B992F00552DB8 /* ElephantsTableViewController.swift */; };
		63C1A7562410FE7900AF1C60 /* JsonData.swift in Sources */ = {isa = PBXBuildFile; fileRef = 63C1A7552410FE7900AF1C60 /* JsonData.swift */; };
		63F3F8E7240C8179003F5478 /* ElephantCell.swift in Sources */ = {isa = PBXBuildFile; fileRef = 63F3F8E6240C8179003F5478 /* ElephantCell.swift */; };
		D33FC1259B33B06DF6111AD0 /* Pods_Networking.framework in Frameworks */ = {isa = PBXBuildFile; fileRef = ADEF97D1888BD519433283F6 /* Pods_Networking.framework */; };
/* End PBXBuildFile section */

/* Begin PBXFileReference section */
		350181AAAB27A7D908D66DBD /* Pods-Networking.release.xcconfig */ = {isa = PBXFileReference; includeInIndex = 1; lastKnownFileType = text.xcconfig; name = "Pods-Networking.release.xcconfig"; path = "Target Support Files/Pods-Networking/Pods-Networking.release.xcconfig"; sourceTree = "<group>"; };
		633CA0F524164CEF00AFA640 /* ImageView.swift */ = {isa = PBXFileReference; lastKnownFileType = sourcecode.swift; path = ImageView.swift; sourceTree = "<group>"; };
		633CA0F724166A7300AFA640 /* NetworkManager.swift */ = {isa = PBXFileReference; lastKnownFileType = sourcecode.swift; path = NetworkManager.swift; sourceTree = "<group>"; };
		633CA0F92416D5F000AFA640 /* DataManager.swift */ = {isa = PBXFileReference; lastKnownFileType = sourcecode.swift; path = DataManager.swift; sourceTree = "<group>"; };
		6349E0DB240F9B0200A272BD /* AppController.swift */ = {isa = PBXFileReference; lastKnownFileType = sourcecode.swift; path = AppController.swift; sourceTree = "<group>"; };
		636C6A42240ABCC600552DB8 /* Networking.app */ = {isa = PBXFileReference; explicitFileType = wrapper.application; includeInIndex = 0; path = Networking.app; sourceTree = BUILT_PRODUCTS_DIR; };
		636C6A45240ABCC600552DB8 /* AppDelegate.swift */ = {isa = PBXFileReference; lastKnownFileType = sourcecode.swift; path = AppDelegate.swift; sourceTree = "<group>"; };
		636C6A47240ABCC600552DB8 /* DetailViewController.swift */ = {isa = PBXFileReference; lastKnownFileType = sourcecode.swift; path = DetailViewController.swift; sourceTree = "<group>"; };
		636C6A4A240ABCC600552DB8 /* Base */ = {isa = PBXFileReference; lastKnownFileType = file.storyboard; name = Base; path = Base.lproj/Main.storyboard; sourceTree = "<group>"; };
		636C6A4C240ABCCB00552DB8 /* Assets.xcassets */ = {isa = PBXFileReference; lastKnownFileType = folder.assetcatalog; path = Assets.xcassets; sourceTree = "<group>"; };
		636C6A4F240ABCCB00552DB8 /* Base */ = {isa = PBXFileReference; lastKnownFileType = file.storyboard; name = Base; path = Base.lproj/LaunchScreen.storyboard; sourceTree = "<group>"; };
		636C6A51240ABCCB00552DB8 /* Info.plist */ = {isa = PBXFileReference; lastKnownFileType = text.plist.xml; path = Info.plist; sourceTree = "<group>"; };
		636C6A57240ABEBA00552DB8 /* Elephant.swift */ = {isa = PBXFileReference; lastKnownFileType = sourcecode.swift; path = Elephant.swift; sourceTree = "<group>"; };
		636C6A5B240B992F00552DB8 /* ElephantsTableViewController.swift */ = {isa = PBXFileReference; lastKnownFileType = sourcecode.swift; path = ElephantsTableViewController.swift; sourceTree = "<group>"; };
		63C1A7552410FE7900AF1C60 /* JsonData.swift */ = {isa = PBXFileReference; lastKnownFileType = sourcecode.swift; path = JsonData.swift; sourceTree = "<group>"; };
		63F3F8E6240C8179003F5478 /* ElephantCell.swift */ = {isa = PBXFileReference; lastKnownFileType = sourcecode.swift; path = ElephantCell.swift; sourceTree = "<group>"; };
		941B8B5B018F5BD4689DC853 /* Pods-Networking.debug.xcconfig */ = {isa = PBXFileReference; includeInIndex = 1; lastKnownFileType = text.xcconfig; name = "Pods-Networking.debug.xcconfig"; path = "Target Support Files/Pods-Networking/Pods-Networking.debug.xcconfig"; sourceTree = "<group>"; };
		ADEF97D1888BD519433283F6 /* Pods_Networking.framework */ = {isa = PBXFileReference; explicitFileType = wrapper.framework; includeInIndex = 0; path = Pods_Networking.framework; sourceTree = BUILT_PRODUCTS_DIR; };
/* End PBXFileReference section */

/* Begin PBXFrameworksBuildPhase section */
		636C6A3F240ABCC600552DB8 /* Frameworks */ = {
			isa = PBXFrameworksBuildPhase;
			buildActionMask = 2147483647;
			files = (
				D33FC1259B33B06DF6111AD0 /* Pods_Networking.framework in Frameworks */,
			);
			runOnlyForDeploymentPostprocessing = 0;
		};
/* End PBXFrameworksBuildPhase section */

/* Begin PBXGroup section */
		636C6A39240ABCC600552DB8 = {
			isa = PBXGroup;
			children = (
				636C6A44240ABCC600552DB8 /* Networking */,
				636C6A43240ABCC600552DB8 /* Products */,
				9F39F9B122104F76DD019D2D /* Pods */,
				DB15DE8FE2E8088C8FFDF4EA /* Frameworks */,
			);
			sourceTree = "<group>";
		};
		636C6A43240ABCC600552DB8 /* Products */ = {
			isa = PBXGroup;
			children = (
				636C6A42240ABCC600552DB8 /* Networking.app */,
			);
			name = Products;
			sourceTree = "<group>";
		};
		636C6A44240ABCC600552DB8 /* Networking */ = {
			isa = PBXGroup;
			children = (
				636C6A45240ABCC600552DB8 /* AppDelegate.swift */,
				633CA0F524164CEF00AFA640 /* ImageView.swift */,
				633CA0F724166A7300AFA640 /* NetworkManager.swift */,
				636C6A47240ABCC600552DB8 /* DetailViewController.swift */,
				636C6A49240ABCC600552DB8 /* Main.storyboard */,
				6349E0DB240F9B0200A272BD /* AppController.swift */,
				63C1A7552410FE7900AF1C60 /* JsonData.swift */,
				63F3F8E6240C8179003F5478 /* ElephantCell.swift */,
				636C6A5B240B992F00552DB8 /* ElephantsTableViewController.swift */,
				633CA0F92416D5F000AFA640 /* DataManager.swift */,
				636C6A57240ABEBA00552DB8 /* Elephant.swift */,
				636C6A4C240ABCCB00552DB8 /* Assets.xcassets */,
				636C6A4E240ABCCB00552DB8 /* LaunchScreen.storyboard */,
				636C6A51240ABCCB00552DB8 /* Info.plist */,
			);
			path = Networking;
			sourceTree = "<group>";
		};
		9F39F9B122104F76DD019D2D /* Pods */ = {
			isa = PBXGroup;
			children = (
				941B8B5B018F5BD4689DC853 /* Pods-Networking.debug.xcconfig */,
				350181AAAB27A7D908D66DBD /* Pods-Networking.release.xcconfig */,
			);
			path = Pods;
			sourceTree = "<group>";
		};
		DB15DE8FE2E8088C8FFDF4EA /* Frameworks */ = {
			isa = PBXGroup;
			children = (
				ADEF97D1888BD519433283F6 /* Pods_Networking.framework */,
			);
			name = Frameworks;
			sourceTree = "<group>";
		};
/* End PBXGroup section */

/* Begin PBXNativeTarget section */
		636C6A41240ABCC600552DB8 /* Networking */ = {
			isa = PBXNativeTarget;
			buildConfigurationList = 636C6A54240ABCCB00552DB8 /* Build configuration list for PBXNativeTarget "Networking" */;
			buildPhases = (
				1A63CA89892B9150C3433721 /* [CP] Check Pods Manifest.lock */,
				636C6A3E240ABCC600552DB8 /* Sources */,
				636C6A3F240ABCC600552DB8 /* Frameworks */,
				636C6A40240ABCC600552DB8 /* Resources */,
				7388AC29775A458BE02DE3B7 /* [CP] Embed Pods Frameworks */,
			);
			buildRules = (
			);
			dependencies = (
			);
			name = Networking;
			productName = Networking;
			productReference = 636C6A42240ABCC600552DB8 /* Networking.app */;
			productType = "com.apple.product-type.application";
		};
/* End PBXNativeTarget section */

/* Begin PBXProject section */
		636C6A3A240ABCC600552DB8 /* Project object */ = {
			isa = PBXProject;
			attributes = {
				LastSwiftUpdateCheck = 1010;
				LastUpgradeCheck = 1010;
				ORGANIZATIONNAME = "Mikhail Scherbina";
				TargetAttributes = {
					636C6A41240ABCC600552DB8 = {
						CreatedOnToolsVersion = 10.1;
					};
				};
			};
			buildConfigurationList = 636C6A3D240ABCC600552DB8 /* Build configuration list for PBXProject "Networking" */;
			compatibilityVersion = "Xcode 9.3";
			developmentRegion = en;
			hasScannedForEncodings = 0;
			knownRegions = (
				en,
				Base,
			);
			mainGroup = 636C6A39240ABCC600552DB8;
			productRefGroup = 636C6A43240ABCC600552DB8 /* Products */;
			projectDirPath = "";
			projectRoot = "";
			targets = (
				636C6A41240ABCC600552DB8 /* Networking */,
			);
		};
/* End PBXProject section */

/* Begin PBXResourcesBuildPhase section */
		636C6A40240ABCC600552DB8 /* Resources */ = {
			isa = PBXResourcesBuildPhase;
			buildActionMask = 2147483647;
			files = (
				636C6A50240ABCCB00552DB8 /* LaunchScreen.storyboard in Resources */,
				636C6A4D240ABCCB00552DB8 /* Assets.xcassets in Resources */,
				636C6A4B240ABCC600552DB8 /* Main.storyboard in Resources */,
			);
			runOnlyForDeploymentPostprocessing = 0;
		};
/* End PBXResourcesBuildPhase section */

/* Begin PBXShellScriptBuildPhase section */
		1A63CA89892B9150C3433721 /* [CP] Check Pods Manifest.lock */ = {
			isa = PBXShellScriptBuildPhase;
			buildActionMask = 2147483647;
			files = (
			);
			inputFileListPaths = (
			);
			inputPaths = (
				"${PODS_PODFILE_DIR_PATH}/Podfile.lock",
				"${PODS_ROOT}/Manifest.lock",
			);
			name = "[CP] Check Pods Manifest.lock";
			outputFileListPaths = (
			);
			outputPaths = (
				"$(DERIVED_FILE_DIR)/Pods-Networking-checkManifestLockResult.txt",
			);
			runOnlyForDeploymentPostprocessing = 0;
			shellPath = /bin/sh;
			shellScript = "diff \"${PODS_PODFILE_DIR_PATH}/Podfile.lock\" \"${PODS_ROOT}/Manifest.lock\" > /dev/null\nif [ $? != 0 ] ; then\n    # print error to STDERR\n    echo \"error: The sandbox is not in sync with the Podfile.lock. Run 'pod install' or update your CocoaPods installation.\" >&2\n    exit 1\nfi\n# This output is used by Xcode 'outputs' to avoid re-running this script phase.\necho \"SUCCESS\" > \"${SCRIPT_OUTPUT_FILE_0}\"\n";
			showEnvVarsInLog = 0;
		};
		7388AC29775A458BE02DE3B7 /* [CP] Embed Pods Frameworks */ = {
			isa = PBXShellScriptBuildPhase;
			buildActionMask = 2147483647;
			files = (
			);
			inputFileListPaths = (
				"${PODS_ROOT}/Target Support Files/Pods-Networking/Pods-Networking-frameworks-${CONFIGURATION}-input-files.xcfilelist",
			);
			name = "[CP] Embed Pods Frameworks";
			outputFileListPaths = (
				"${PODS_ROOT}/Target Support Files/Pods-Networking/Pods-Networking-frameworks-${CONFIGURATION}-output-files.xcfilelist",
			);
			runOnlyForDeploymentPostprocessing = 0;
			shellPath = /bin/sh;
			shellScript = "\"${PODS_ROOT}/Target Support Files/Pods-Networking/Pods-Networking-frameworks.sh\"\n";
			showEnvVarsInLog = 0;
		};
/* End PBXShellScriptBuildPhase section */

/* Begin PBXSourcesBuildPhase section */
		636C6A3E240ABCC600552DB8 /* Sources */ = {
			isa = PBXSourcesBuildPhase;
			buildActionMask = 2147483647;
			files = (
				633CA0F824166A7300AFA640 /* NetworkManager.swift in Sources */,
				633CA0FA2416D5F000AFA640 /* DataManager.swift in Sources */,
				633CA0F624164CEF00AFA640 /* ImageView.swift in Sources */,
				63F3F8E7240C8179003F5478 /* ElephantCell.swift in Sources */,
				63C1A7562410FE7900AF1C60 /* JsonData.swift in Sources */,
				636C6A48240ABCC600552DB8 /* DetailViewController.swift in Sources */,
				636C6A46240ABCC600552DB8 /* AppDelegate.swift in Sources */,
				636C6A58240ABEBA00552DB8 /* Elephant.swift in Sources */,
				636C6A5C240B992F00552DB8 /* ElephantsTableViewController.swift in Sources */,
				6349E0DC240F9B0200A272BD /* AppController.swift in Sources */,
			);
			runOnlyForDeploymentPostprocessing = 0;
		};
/* End PBXSourcesBuildPhase section */

/* Begin PBXVariantGroup section */
		636C6A49240ABCC600552DB8 /* Main.storyboard */ = {
			isa = PBXVariantGroup;
			children = (
				636C6A4A240ABCC600552DB8 /* Base */,
			);
			name = Main.storyboard;
			sourceTree = "<group>";
		};
		636C6A4E240ABCCB00552DB8 /* LaunchScreen.storyboard */ = {
			isa = PBXVariantGroup;
			children = (
				636C6A4F240ABCCB00552DB8 /* Base */,
			);
			name = LaunchScreen.storyboard;
			sourceTree = "<group>";
		};
/* End PBXVariantGroup section */

/* Begin XCBuildConfiguration section */
		636C6A52240ABCCB00552DB8 /* Debug */ = {
			isa = XCBuildConfiguration;
			buildSettings = {
				ALWAYS_SEARCH_USER_PATHS = NO;
				CLANG_ANALYZER_NONNULL = YES;
				CLANG_ANALYZER_NUMBER_OBJECT_CONVERSION = YES_AGGRESSIVE;
				CLANG_CXX_LANGUAGE_STANDARD = "gnu++14";
				CLANG_CXX_LIBRARY = "libc++";
				CLANG_ENABLE_MODULES = YES;
				CLANG_ENABLE_OBJC_ARC = YES;
				CLANG_ENABLE_OBJC_WEAK = YES;
				CLANG_WARN_BLOCK_CAPTURE_AUTORELEASING = YES;
				CLANG_WARN_BOOL_CONVERSION = YES;
				CLANG_WARN_COMMA = YES;
				CLANG_WARN_CONSTANT_CONVERSION = YES;
				CLANG_WARN_DEPRECATED_OBJC_IMPLEMENTATIONS = YES;
				CLANG_WARN_DIRECT_OBJC_ISA_USAGE = YES_ERROR;
				CLANG_WARN_DOCUMENTATION_COMMENTS = YES;
				CLANG_WARN_EMPTY_BODY = YES;
				CLANG_WARN_ENUM_CONVERSION = YES;
				CLANG_WARN_INFINITE_RECURSION = YES;
				CLANG_WARN_INT_CONVERSION = YES;
				CLANG_WARN_NON_LITERAL_NULL_CONVERSION = YES;
				CLANG_WARN_OBJC_IMPLICIT_RETAIN_SELF = YES;
				CLANG_WARN_OBJC_LITERAL_CONVERSION = YES;
				CLANG_WARN_OBJC_ROOT_CLASS = YES_ERROR;
				CLANG_WARN_RANGE_LOOP_ANALYSIS = YES;
				CLANG_WARN_STRICT_PROTOTYPES = YES;
				CLANG_WARN_SUSPICIOUS_MOVE = YES;
				CLANG_WARN_UNGUARDED_AVAILABILITY = YES_AGGRESSIVE;
				CLANG_WARN_UNREACHABLE_CODE = YES;
				CLANG_WARN__DUPLICATE_METHOD_MATCH = YES;
				CODE_SIGN_IDENTITY = "iPhone Developer";
				COPY_PHASE_STRIP = NO;
				DEBUG_INFORMATION_FORMAT = dwarf;
				ENABLE_STRICT_OBJC_MSGSEND = YES;
				ENABLE_TESTABILITY = YES;
				GCC_C_LANGUAGE_STANDARD = gnu11;
				GCC_DYNAMIC_NO_PIC = NO;
				GCC_NO_COMMON_BLOCKS = YES;
				GCC_OPTIMIZATION_LEVEL = 0;
				GCC_PREPROCESSOR_DEFINITIONS = (
					"DEBUG=1",
					"$(inherited)",
				);
				GCC_WARN_64_TO_32_BIT_CONVERSION = YES;
				GCC_WARN_ABOUT_RETURN_TYPE = YES_ERROR;
				GCC_WARN_UNDECLARED_SELECTOR = YES;
				GCC_WARN_UNINITIALIZED_AUTOS = YES_AGGRESSIVE;
				GCC_WARN_UNUSED_FUNCTION = YES;
				GCC_WARN_UNUSED_VARIABLE = YES;
				IPHONEOS_DEPLOYMENT_TARGET = 12.1;
				MTL_ENABLE_DEBUG_INFO = INCLUDE_SOURCE;
				MTL_FAST_MATH = YES;
				ONLY_ACTIVE_ARCH = YES;
				SDKROOT = iphoneos;
				SWIFT_ACTIVE_COMPILATION_CONDITIONS = DEBUG;
				SWIFT_OPTIMIZATION_LEVEL = "-Onone";
			};
			name = Debug;
		};
		636C6A53240ABCCB00552DB8 /* Release */ = {
			isa = XCBuildConfiguration;
			buildSettings = {
				ALWAYS_SEARCH_USER_PATHS = NO;
				CLANG_ANALYZER_NONNULL = YES;
				CLANG_ANALYZER_NUMBER_OBJECT_CONVERSION = YES_AGGRESSIVE;
				CLANG_CXX_LANGUAGE_STANDARD = "gnu++14";
				CLANG_CXX_LIBRARY = "libc++";
				CLANG_ENABLE_MODULES = YES;
				CLANG_ENABLE_OBJC_ARC = YES;
				CLANG_ENABLE_OBJC_WEAK = YES;
				CLANG_WARN_BLOCK_CAPTURE_AUTORELEASING = YES;
				CLANG_WARN_BOOL_CONVERSION = YES;
				CLANG_WARN_COMMA = YES;
				CLANG_WARN_CONSTANT_CONVERSION = YES;
				CLANG_WARN_DEPRECATED_OBJC_IMPLEMENTATIONS = YES;
				CLANG_WARN_DIRECT_OBJC_ISA_USAGE = YES_ERROR;
				CLANG_WARN_DOCUMENTATION_COMMENTS = YES;
				CLANG_WARN_EMPTY_BODY = YES;
				CLANG_WARN_ENUM_CONVERSION = YES;
				CLANG_WARN_INFINITE_RECURSION = YES;
				CLANG_WARN_INT_CONVERSION = YES;
				CLANG_WARN_NON_LITERAL_NULL_CONVERSION = YES;
				CLANG_WARN_OBJC_IMPLICIT_RETAIN_SELF = YES;
				CLANG_WARN_OBJC_LITERAL_CONVERSION = YES;
				CLANG_WARN_OBJC_ROOT_CLASS = YES_ERROR;
				CLANG_WARN_RANGE_LOOP_ANALYSIS = YES;
				CLANG_WARN_STRICT_PROTOTYPES = YES;
				CLANG_WARN_SUSPICIOUS_MOVE = YES;
				CLANG_WARN_UNGUARDED_AVAILABILITY = YES_AGGRESSIVE;
				CLANG_WARN_UNREACHABLE_CODE = YES;
				CLANG_WARN__DUPLICATE_METHOD_MATCH = YES;
				CODE_SIGN_IDENTITY = "iPhone Developer";
				COPY_PHASE_STRIP = NO;
				DEBUG_INFORMATION_FORMAT = "dwarf-with-dsym";
				ENABLE_NS_ASSERTIONS = NO;
				ENABLE_STRICT_OBJC_MSGSEND = YES;
				GCC_C_LANGUAGE_STANDARD = gnu11;
				GCC_NO_COMMON_BLOCKS = YES;
				GCC_WARN_64_TO_32_BIT_CONVERSION = YES;
				GCC_WARN_ABOUT_RETURN_TYPE = YES_ERROR;
				GCC_WARN_UNDECLARED_SELECTOR = YES;
				GCC_WARN_UNINITIALIZED_AUTOS = YES_AGGRESSIVE;
				GCC_WARN_UNUSED_FUNCTION = YES;
				GCC_WARN_UNUSED_VARIABLE = YES;
				IPHONEOS_DEPLOYMENT_TARGET = 12.1;
				MTL_ENABLE_DEBUG_INFO = NO;
				MTL_FAST_MATH = YES;
				SDKROOT = iphoneos;
				SWIFT_COMPILATION_MODE = wholemodule;
				SWIFT_OPTIMIZATION_LEVEL = "-O";
				VALIDATE_PRODUCT = YES;
			};
			name = Release;
		};
		636C6A55240ABCCB00552DB8 /* Debug */ = {
			isa = XCBuildConfiguration;
			baseConfigurationReference = 941B8B5B018F5BD4689DC853 /* Pods-Networking.debug.xcconfig */;
			buildSettings = {
				ASSETCATALOG_COMPILER_APPICON_NAME = AppIcon;
				CODE_SIGN_STYLE = Automatic;
				DEVELOPMENT_TEAM = A9BWNAZL9J;
				INFOPLIST_FILE = Networking/Info.plist;
				LD_RUNPATH_SEARCH_PATHS = (
					"$(inherited)",
					"@executable_path/Frameworks",
				);
				PRODUCT_BUNDLE_IDENTIFIER = com.mopeoutdoor.Networking;
				PRODUCT_NAME = "$(TARGET_NAME)";
				SWIFT_VERSION = 4.2;
				TARGETED_DEVICE_FAMILY = "1,2";
			};
			name = Debug;
		};
		636C6A56240ABCCB00552DB8 /* Release */ = {
			isa = XCBuildConfiguration;
			baseConfigurationReference = 350181AAAB27A7D908D66DBD /* Pods-Networking.release.xcconfig */;
			buildSettings = {
				ASSETCATALOG_COMPILER_APPICON_NAME = AppIcon;
				CODE_SIGN_STYLE = Automatic;
				DEVELOPMENT_TEAM = A9BWNAZL9J;
				INFOPLIST_FILE = Networking/Info.plist;
				LD_RUNPATH_SEARCH_PATHS = (
					"$(inherited)",
					"@executable_path/Frameworks",
				);
				PRODUCT_BUNDLE_IDENTIFIER = com.mopeoutdoor.Networking;
				PRODUCT_NAME = "$(TARGET_NAME)";
				SWIFT_VERSION = 4.2;
				TARGETED_DEVICE_FAMILY = "1,2";
			};
			name = Release;
		};
/* End XCBuildConfiguration section */

/* Begin XCConfigurationList section */
		636C6A3D240ABCC600552DB8 /* Build configuration list for PBXProject "Networking" */ = {
			isa = XCConfigurationList;
			buildConfigurations = (
				636C6A52240ABCCB00552DB8 /* Debug */,
				636C6A53240ABCCB00552DB8 /* Release */,
			);
			defaultConfigurationIsVisible = 0;
			defaultConfigurationName = Release;
		};
		636C6A54240ABCCB00552DB8 /* Build configuration list for PBXNativeTarget "Networking" */ = {
			isa = XCConfigurationList;
			buildConfigurations = (
				636C6A55240ABCCB00552DB8 /* Debug */,
				636C6A56240ABCCB00552DB8 /* Release */,
			);
			defaultConfigurationIsVisible = 0;
			defaultConfigurationName = Release;
		};
/* End XCConfigurationList section */
	};
	rootObject = 636C6A3A240ABCC600552DB8 /* Project object */;
}
